
Microsoft Visual Studio Solution File, Format Version 10.00
# Visual Studio 2008
Project("{FAE04EC0-301F-11D3-BF4B-00C04F79EFBC}") = "ISOISO-AAMIIN", "ISOISO-AAMIIN\ISOISO-AAMIIN.csproj", "{BF573362-D818-4FEF-A100-962611844FED}"
EndProject
Global
	GlobalSection(SolutionConfigurationPlatforms) = preSolution
		Debug|Any CPU = Debug|Any CPU
		Release|Any CPU = Release|Any CPU
	EndGlobalSection
	GlobalSection(ProjectConfigurationPlatforms) = postSolution
		{BF573362-D818-4FEF-A100-962611844FED}.Debug|Any CPU.ActiveCfg = Debug|Any CPU
		{BF573362-D818-4FEF-A100-962611844FED}.Debug|Any CPU.Build.0 = Debug|Any CPU
		{BF573362-D818-4FEF-A100-962611844FED}.Release|Any CPU.ActiveCfg = Release|Any CPU
		{BF573362-D818-4FEF-A100-962611844FED}.Release|Any CPU.Build.0 = Release|Any CPU
	EndGlobalSection
	GlobalSection(SolutionProperties) = preSolution
		HideSolutionNode = FALSE
	EndGlobalSection
EndGlobal
